<?xml version="1.0" encoding="utf-8"?>
<Project ToolsVersion="4.0" xmlns="http://schemas.microsoft.com/developer/msbuild/2003">
  <ItemGroup>
    <Filter Include="Fichiers sources">
      <UniqueIdentifier>{4FC737F1-C7A5-4376-A066-2A32D752A2FF}</UniqueIdentifier>
      <Extensions>cpp;c;cc;cxx;c++;cppm;ixx;def;odl;idl;hpj;bat;asm;asmx</Extensions>
    </Filter>
    <Filter Include="Fichiers d%27en-tête">
      <UniqueIdentifier>{93995380-89BD-4b04-88EB-625FBE52EBFB}</UniqueIdentifier>
      <Extensions>h;hh;hpp;hxx;h++;hm;inl;inc;ipp;xsd</Extensions>
    </Filter>
    <Filter Include="Fichiers de ressources">
      <UniqueIdentifier>{67DA6AB6-F800-4c08-8B7A-83BB121AAD01}</UniqueIdentifier>
      <Extensions>rc;ico;cur;bmp;dlg;rc2;rct;bin;rgs;gif;jpg;jpeg;jpe;resx;tiff;tif;png;wav;mfcribbon-ms</Extensions>
    </Filter>
    <Filter Include="Fichiers d%27en-tête\visitor">
      <UniqueIdentifier>{81fd8756-bddf-4c24-8839-a42b092b91a3}</UniqueIdentifier>
    </Filter>
    <Filter Include="Fichiers d%27en-tête\error">
      <UniqueIdentifier>{59bb3173-8f53-437c-8296-e2f7a8ef76c7}</UniqueIdentifier>
    </Filter>
    <Filter Include="Fichiers sources\visitor">
      <UniqueIdentifier>{af7ec27e-91c7-4f22-bc52-5275eeb74d9b}</UniqueIdentifier>
    </Filter>
    <Filter Include="Fichiers sources\error">
      <UniqueIdentifier>{d56205e0-de81-4d27-b012-c0e312ff5543}</UniqueIdentifier>
    </Filter>
    <Filter Include="Fichiers sources\test">
      <UniqueIdentifier>{cb2f69e4-fe2c-44eb-8555-ae95d1cdbf48}</UniqueIdentifier>
    </Filter>
  </ItemGroup>
  <ItemGroup>
    <ClInclude Include="Segment.h">
      <Filter>Fichiers d%27en-tête</Filter>
    </ClInclude>
    <ClInclude Include="Circle.h">
      <Filter>Fichiers d%27en-tête</Filter>
    </ClInclude>
    <ClInclude Include="PolygonRegular.h">
      <Filter>Fichiers d%27en-tête</Filter>
    </ClInclude>
    <ClInclude Include="GroupForm.h">
      <Filter>Fichiers d%27en-tête</Filter>
    </ClInclude>
    <ClInclude Include="Vecteur2D.h">
      <Filter>Fichiers d%27en-tête</Filter>
    </ClInclude>
    <ClInclude Include="Form.h">
      <Filter>Fichiers d%27en-tête</Filter>
    </ClInclude>
    <ClInclude Include="World.h">
      <Filter>Fichiers d%27en-tête</Filter>
    </ClInclude>
    <ClInclude Include="PolygonConvex.h">
      <Filter>Fichiers d%27en-tête</Filter>
    </ClInclude>
    <ClInclude Include="Polygon.h">
      <Filter>Fichiers d%27en-tête</Filter>
    </ClInclude>
    <ClInclude Include="VDraw.h">
      <Filter>Fichiers d%27en-tête\visitor</Filter>
    </ClInclude>
    <ClInclude Include="VDrawByJavaFX.h">
      <Filter>Fichiers d%27en-tête\visitor</Filter>
    </ClInclude>
    <ClInclude Include="Visitor.h">
      <Filter>Fichiers d%27en-tête\visitor</Filter>
    </ClInclude>
    <ClInclude Include="Error.h">
      <Filter>Fichiers d%27en-tête\error</Filter>
    </ClInclude>
    <ClInclude Include="Marking.h">
      <Filter>Fichiers d%27en-tête</Filter>
    </ClInclude>
  </ItemGroup>
  <ItemGroup>
    <ClCompile Include="Segment.cpp">
      <Filter>Fichiers sources</Filter>
    </ClCompile>
    <ClCompile Include="Circle.cpp">
      <Filter>Fichiers sources</Filter>
    </ClCompile>
    <ClCompile Include="PolygonRegular.cpp">
      <Filter>Fichiers sources</Filter>
    </ClCompile>
    <ClCompile Include="GroupForm.cpp">
      <Filter>Fichiers sources</Filter>
    </ClCompile>
    <ClCompile Include="Vecteur2D.cpp">
      <Filter>Fichiers sources</Filter>
    </ClCompile>
    <ClCompile Include="Form.cpp">
      <Filter>Fichiers sources</Filter>
    </ClCompile>
    <ClCompile Include="World.cpp">
      <Filter>Fichiers sources</Filter>
    </ClCompile>
    <ClCompile Include="PolygonConvex.cpp">
      <Filter>Fichiers sources</Filter>
    </ClCompile>
    <ClCompile Include="Polygon.cpp">
      <Filter>Fichiers sources</Filter>
    </ClCompile>
    <ClCompile Include="VDrawByJavaFX.cpp">
      <Filter>Fichiers sources\visitor</Filter>
    </ClCompile>
    <ClCompile Include="Error.cpp">
      <Filter>Fichiers sources\error</Filter>
    </ClCompile>
    <ClCompile Include="Marking.cpp">
      <Filter>Fichiers sources</Filter>
    </ClCompile>
    <ClCompile Include="TRotate.cpp">
      <Filter>Fichiers sources\test</Filter>
    </ClCompile>
  </ItemGroup>
</Project>