<?xml version="1.0" encoding="utf-8"?>
<Project ToolsVersion="4.0" xmlns="http://schemas.microsoft.com/developer/msbuild/2003">
  <ItemGroup>
    <Filter Include="Fichiers sources">
      <UniqueIdentifier>{4FC737F1-C7A5-4376-A066-2A32D752A2FF}</UniqueIdentifier>
      <Extensions>cpp;c;cc;cxx;c++;cppm;ixx;def;odl;idl;hpj;bat;asm;asmx</Extensions>
    </Filter>
    <Filter Include="Fichiers d%27en-tête">
      <UniqueIdentifier>{93995380-89BD-4b04-88EB-625FBE52EBFB}</UniqueIdentifier>
      <Extensions>h;hh;hpp;hxx;h++;hm;inl;inc;ipp;xsd</Extensions>
    </Filter>
    <Filter Include="Fichiers de ressources">
      <UniqueIdentifier>{67DA6AB6-F800-4c08-8B7A-83BB121AAD01}</UniqueIdentifier>
      <Extensions>rc;ico;cur;bmp;dlg;rc2;rct;bin;rgs;gif;jpg;jpeg;jpe;resx;tiff;tif;png;wav;mfcribbon-ms</Extensions>
    </Filter>
    <Filter Include="Fichiers d%27en-tête\visitor">
      <UniqueIdentifier>{81fd8756-bddf-4c24-8839-a42b092b91a3}</UniqueIdentifier>
    </Filter>
    <Filter Include="Fichiers d%27en-tête\error">
      <UniqueIdentifier>{59bb3173-8f53-437c-8296-e2f7a8ef76c7}</UniqueIdentifier>
    </Filter>
    <Filter Include="Fichiers sources\visitor">
      <UniqueIdentifier>{af7ec27e-91c7-4f22-bc52-5275eeb74d9b}</UniqueIdentifier>
    </Filter>
    <Filter Include="Fichiers sources\test">
      <UniqueIdentifier>{cb2f69e4-fe2c-44eb-8555-ae95d1cdbf48}</UniqueIdentifier>
    </Filter>
    <Filter Include="Fichiers d%27en-tête\visitor\draw">
      <UniqueIdentifier>{9d75f769-7a2a-4dff-b9c7-d5c1d53e3665}</UniqueIdentifier>
    </Filter>
    <Filter Include="Fichiers d%27en-tête\visitor\save">
      <UniqueIdentifier>{d7f000f7-1419-4928-bd52-4c352b5c7d24}</UniqueIdentifier>
    </Filter>
    <Filter Include="Fichiers sources\visitor\draw">
      <UniqueIdentifier>{ceb33e46-8591-40cc-937d-c67ad0f8d0de}</UniqueIdentifier>
    </Filter>
    <Filter Include="Fichiers sources\visitor\save">
      <UniqueIdentifier>{2ad34eae-a68f-4d6f-859d-ffd197babce2}</UniqueIdentifier>
    </Filter>
    <Filter Include="Fichiers d%27en-tête\visitor\read">
      <UniqueIdentifier>{2b52dc4a-07a3-4a30-9ba4-48d05337c597}</UniqueIdentifier>
    </Filter>
    <Filter Include="Fichiers sources\visitor\read">
      <UniqueIdentifier>{8533c83b-6c28-437b-837c-3574284f6036}</UniqueIdentifier>
    </Filter>
    <Filter Include="Fichiers d%27en-tête\visitor\read\readByTxt">
      <UniqueIdentifier>{b9aade3a-794d-4de0-87dd-8c8610dd7f9a}</UniqueIdentifier>
    </Filter>
    <Filter Include="Fichiers sources\visitor\read\readByTxt">
      <UniqueIdentifier>{9913f0e3-49a9-4971-bfa0-7f9684b9285a}</UniqueIdentifier>
    </Filter>
    <Filter Include="Fichiers d%27en-tête\visitor\read\readByTxt\expert">
      <UniqueIdentifier>{0e721f43-bcc9-48bb-8fb6-2f910aaaafc7}</UniqueIdentifier>
    </Filter>
    <Filter Include="Fichiers sources\visitor\read\readByTxt\expert">
      <UniqueIdentifier>{b5eab7ae-1018-4b22-8282-e02dc3f531d6}</UniqueIdentifier>
    </Filter>
  </ItemGroup>
  <ItemGroup>
    <ClInclude Include="Segment.h">
      <Filter>Fichiers d%27en-tête</Filter>
    </ClInclude>
    <ClInclude Include="Circle.h">
      <Filter>Fichiers d%27en-tête</Filter>
    </ClInclude>
    <ClInclude Include="PolygonRegular.h">
      <Filter>Fichiers d%27en-tête</Filter>
    </ClInclude>
    <ClInclude Include="GroupForm.h">
      <Filter>Fichiers d%27en-tête</Filter>
    </ClInclude>
    <ClInclude Include="Form.h">
      <Filter>Fichiers d%27en-tête</Filter>
    </ClInclude>
    <ClInclude Include="World.h">
      <Filter>Fichiers d%27en-tête</Filter>
    </ClInclude>
    <ClInclude Include="PolygonConvex.h">
      <Filter>Fichiers d%27en-tête</Filter>
    </ClInclude>
    <ClInclude Include="Polygon.h">
      <Filter>Fichiers d%27en-tête</Filter>
    </ClInclude>
    <ClInclude Include="Error.h">
      <Filter>Fichiers d%27en-tête\error</Filter>
    </ClInclude>
    <ClInclude Include="Vector2D.h">
      <Filter>Fichiers d%27en-tête</Filter>
    </ClInclude>
    <ClInclude Include="VDrawByJavaFX.h">
      <Filter>Fichiers d%27en-tête\visitor\draw</Filter>
    </ClInclude>
    <ClInclude Include="VDraw.h">
      <Filter>Fichiers d%27en-tête\visitor\draw</Filter>
    </ClInclude>
    <ClInclude Include="VSave.h">
      <Filter>Fichiers d%27en-tête\visitor\save</Filter>
    </ClInclude>
    <ClInclude Include="VSaveByTxt.h">
      <Filter>Fichiers d%27en-tête\visitor\save</Filter>
    </ClInclude>
    <ClInclude Include="VRead.h">
      <Filter>Fichiers d%27en-tête\visitor\read</Filter>
    </ClInclude>
    <ClInclude Include="VReadByTxt.h">
      <Filter>Fichiers d%27en-tête\visitor\read\readByTxt</Filter>
    </ClInclude>
    <ClInclude Include="VReadDetector.h">
      <Filter>Fichiers d%27en-tête\visitor\read</Filter>
    </ClInclude>
    <ClInclude Include="Detector.h">
      <Filter>Fichiers d%27en-tête\visitor\read</Filter>
    </ClInclude>
    <ClInclude Include="TxtCircle.h">
      <Filter>Fichiers d%27en-tête\visitor\read\readByTxt\expert</Filter>
    </ClInclude>
    <ClInclude Include="TxtSegment.h">
      <Filter>Fichiers d%27en-tête\visitor\read\readByTxt\expert</Filter>
    </ClInclude>
    <ClInclude Include="TxtGroupForm.h">
      <Filter>Fichiers d%27en-tête\visitor\read\readByTxt\expert</Filter>
    </ClInclude>
  </ItemGroup>
  <ItemGroup>
    <ClCompile Include="Segment.cpp">
      <Filter>Fichiers sources</Filter>
    </ClCompile>
    <ClCompile Include="Circle.cpp">
      <Filter>Fichiers sources</Filter>
    </ClCompile>
    <ClCompile Include="PolygonRegular.cpp">
      <Filter>Fichiers sources</Filter>
    </ClCompile>
    <ClCompile Include="GroupForm.cpp">
      <Filter>Fichiers sources</Filter>
    </ClCompile>
    <ClCompile Include="Vecteur2D.cpp">
      <Filter>Fichiers sources</Filter>
    </ClCompile>
    <ClCompile Include="Form.cpp">
      <Filter>Fichiers sources</Filter>
    </ClCompile>
    <ClCompile Include="World.cpp">
      <Filter>Fichiers sources</Filter>
    </ClCompile>
    <ClCompile Include="PolygonConvex.cpp">
      <Filter>Fichiers sources</Filter>
    </ClCompile>
    <ClCompile Include="Polygon.cpp">
      <Filter>Fichiers sources</Filter>
    </ClCompile>
    <ClCompile Include="VDrawByJavaFX.cpp">
      <Filter>Fichiers sources\visitor\draw</Filter>
    </ClCompile>
    <ClCompile Include="VSaveByTxt.cpp">
      <Filter>Fichiers sources\visitor\save</Filter>
    </ClCompile>
    <ClCompile Include="VReadDetector.cpp">
      <Filter>Fichiers sources\visitor\read</Filter>
    </ClCompile>
    <ClCompile Include="VReadByTxt.cpp">
      <Filter>Fichiers sources\visitor\read\readByTxt</Filter>
    </ClCompile>
    <ClCompile Include="TxtCircle.cpp">
      <Filter>Fichiers sources\visitor\read\readByTxt\expert</Filter>
    </ClCompile>
    <ClCompile Include="TxtSegment.cpp">
      <Filter>Fichiers sources\visitor\read\readByTxt\expert</Filter>
    </ClCompile>
    <ClCompile Include="TxtGroupForm.cpp">
      <Filter>Fichiers sources\visitor\read\readByTxt\expert</Filter>
    </ClCompile>
    <ClCompile Include="VRead.cpp">
      <Filter>Fichiers sources\visitor\read</Filter>
    </ClCompile>
    <ClCompile Include="TRead.cpp">
      <Filter>Fichiers sources\test</Filter>
    </ClCompile>
  </ItemGroup>
</Project>